// !$*UTF8*$!
{
	archiveVersion = 1;
	classes = {
	};
	objectVersion = 46;
	objects = {

/* Begin PBXBuildFile section */
		FE6B0AD316246C9600A12755 /* UIKit.framework in Frameworks */ = {isa = PBXBuildFile; fileRef = FE6B0AD216246C9600A12755 /* UIKit.framework */; };
		FE6B0AD516246C9600A12755 /* Foundation.framework in Frameworks */ = {isa = PBXBuildFile; fileRef = FE6B0AD416246C9600A12755 /* Foundation.framework */; };
		FE6B0AD716246C9600A12755 /* CoreGraphics.framework in Frameworks */ = {isa = PBXBuildFile; fileRef = FE6B0AD616246C9600A12755 /* CoreGraphics.framework */; };
		FE6B0ADD16246C9700A12755 /* InfoPlist.strings in Resources */ = {isa = PBXBuildFile; fileRef = FE6B0ADB16246C9700A12755 /* InfoPlist.strings */; };
		FE6B0ADF16246C9700A12755 /* main.m in Sources */ = {isa = PBXBuildFile; fileRef = FE6B0ADE16246C9700A12755 /* main.m */; };
		FE6B0AE316246C9700A12755 /* AppDelegate.m in Sources */ = {isa = PBXBuildFile; fileRef = FE6B0AE216246C9700A12755 /* AppDelegate.m */; };
		FE6B0AE516246C9700A12755 /* Default.png in Resources */ = {isa = PBXBuildFile; fileRef = FE6B0AE416246C9700A12755 /* Default.png */; };
		FE6B0AE716246C9700A12755 /* Default@2x.png in Resources */ = {isa = PBXBuildFile; fileRef = FE6B0AE616246C9700A12755 /* Default@2x.png */; };
		FE6B0AE916246C9700A12755 /* Default-568h@2x.png in Resources */ = {isa = PBXBuildFile; fileRef = FE6B0AE816246C9700A12755 /* Default-568h@2x.png */; };
		FE6B0AEC16246C9700A12755 /* MainStoryboard.storyboard in Resources */ = {isa = PBXBuildFile; fileRef = FE6B0AEA16246C9700A12755 /* MainStoryboard.storyboard */; };
		FE6B0AEF16246C9700A12755 /* ViewController.m in Sources */ = {isa = PBXBuildFile; fileRef = FE6B0AEE16246C9700A12755 /* ViewController.m */; };
		FEC8F71816B7281700E91DEC /* clickableImageView.m in Sources */ = {isa = PBXBuildFile; fileRef = FEC8F71616B7281700E91DEC /* clickableImageView.m */; };
		FEC8F71C16B728D100E91DEC /* ninja.jpg in Resources */ = {isa = PBXBuildFile; fileRef = FEC8F71A16B728D100E91DEC /* ninja.jpg */; };
/* End PBXBuildFile section */

/* Begin PBXFileReference section */
		FE6B0ACE16246C9600A12755 /* delegateExample.app */ = {isa = PBXFileReference; explicitFileType = wrapper.application; includeInIndex = 0; path = delegateExample.app; sourceTree = BUILT_PRODUCTS_DIR; };
		FE6B0AD216246C9600A12755 /* UIKit.framework */ = {isa = PBXFileReference; lastKnownFileType = wrapper.framework; name = UIKit.framework; path = System/Library/Frameworks/UIKit.framework; sourceTree = SDKROOT; };
		FE6B0AD416246C9600A12755 /* Foundation.framework */ = {isa = PBXFileReference; lastKnownFileType = wrapper.framework; name = Foundation.framework; path = System/Library/Frameworks/Foundation.framework; sourceTree = SDKROOT; };
		FE6B0AD616246C9600A12755 /* CoreGraphics.framework */ = {isa = PBXFileReference; lastKnownFileType = wrapper.framework; name = CoreGraphics.framework; path = System/Library/Frameworks/CoreGraphics.framework; sourceTree = SDKROOT; };
		FE6B0ADA16246C9700A12755 /* delegateExample-Info.plist */ = {isa = PBXFileReference; lastKnownFileType = text.plist.xml; path = "delegateExample-Info.plist"; sourceTree = "<group>"; };
		FE6B0ADC16246C9700A12755 /* en */ = {isa = PBXFileReference; lastKnownFileType = text.plist.strings; name = en; path = en.lproj/InfoPlist.strings; sourceTree = "<group>"; };
		FE6B0ADE16246C9700A12755 /* main.m */ = {isa = PBXFileReference; lastKnownFileType = sourcecode.c.objc; path = main.m; sourceTree = "<group>"; };
		FE6B0AE016246C9700A12755 /* delegateExample-Prefix.pch */ = {isa = PBXFileReference; lastKnownFileType = sourcecode.c.h; path = "delegateExample-Prefix.pch"; sourceTree = "<group>"; };
		FE6B0AE116246C9700A12755 /* AppDelegate.h */ = {isa = PBXFileReference; lastKnownFileType = sourcecode.c.h; path = AppDelegate.h; sourceTree = "<group>"; };
		FE6B0AE216246C9700A12755 /* AppDelegate.m */ = {isa = PBXFileReference; lastKnownFileType = sourcecode.c.objc; path = AppDelegate.m; sourceTree = "<group>"; };
		FE6B0AE416246C9700A12755 /* Default.png */ = {isa = PBXFileReference; lastKnownFileType = image.png; path = Default.png; sourceTree = "<group>"; };
		FE6B0AE616246C9700A12755 /* Default@2x.png */ = {isa = PBXFileReference; lastKnownFileType = image.png; path = "Default@2x.png"; sourceTree = "<group>"; };
		FE6B0AE816246C9700A12755 /* Default-568h@2x.png */ = {isa = PBXFileReference; lastKnownFileType = image.png; path = "Default-568h@2x.png"; sourceTree = "<group>"; };
		FE6B0AEB16246C9700A12755 /* en */ = {isa = PBXFileReference; lastKnownFileType = file.storyboard; name = en; path = en.lproj/MainStoryboard.storyboard; sourceTree = "<group>"; };
		FE6B0AED16246C9700A12755 /* ViewController.h */ = {isa = PBXFileReference; lastKnownFileType = sourcecode.c.h; path = ViewController.h; sourceTree = "<group>"; };
		FE6B0AEE16246C9700A12755 /* ViewController.m */ = {isa = PBXFileReference; lastKnownFileType = sourcecode.c.objc; path = ViewController.m; sourceTree = "<group>"; };
		FEC8F71516B7281700E91DEC /* clickableImageView.h */ = {isa = PBXFileReference; fileEncoding = 4; lastKnownFileType = sourcecode.c.h; path = clickableImageView.h; sourceTree = "<group>"; };
		FEC8F71616B7281700E91DEC /* clickableImageView.m */ = {isa = PBXFileReference; fileEncoding = 4; lastKnownFileType = sourcecode.c.objc; path = clickableImageView.m; sourceTree = "<group>"; };
		FEC8F71716B7281700E91DEC /* clickableImageViewDelegate.h */ = {isa = PBXFileReference; fileEncoding = 4; lastKnownFileType = sourcecode.c.h; path = clickableImageViewDelegate.h; sourceTree = "<group>"; };
		FEC8F71A16B728D100E91DEC /* ninja.jpg */ = {isa = PBXFileReference; lastKnownFileType = image.jpeg; path = ninja.jpg; sourceTree = "<group>"; };
/* End PBXFileReference section */

/* Begin PBXFrameworksBuildPhase section */
		FE6B0ACB16246C9600A12755 /* Frameworks */ = {
			isa = PBXFrameworksBuildPhase;
			buildActionMask = 2147483647;
			files = (
				FE6B0AD316246C9600A12755 /* UIKit.framework in Frameworks */,
				FE6B0AD516246C9600A12755 /* Foundation.framework in Frameworks */,
				FE6B0AD716246C9600A12755 /* CoreGraphics.framework in Frameworks */,
			);
			runOnlyForDeploymentPostprocessing = 0;
		};
/* End PBXFrameworksBuildPhase section */

/* Begin PBXGroup section */
		FE6B0AC316246C9600A12755 = {
			isa = PBXGroup;
			children = (
				FE6B0AD816246C9600A12755 /* delegateExample */,
				FE6B0AD116246C9600A12755 /* Frameworks */,
				FE6B0ACF16246C9600A12755 /* Products */,
			);
			sourceTree = "<group>";
		};
		FE6B0ACF16246C9600A12755 /* Products */ = {
			isa = PBXGroup;
			children = (
				FE6B0ACE16246C9600A12755 /* delegateExample.app */,
			);
			name = Products;
			sourceTree = "<group>";
		};
		FE6B0AD116246C9600A12755 /* Frameworks */ = {
			isa = PBXGroup;
			children = (
				FE6B0AD216246C9600A12755 /* UIKit.framework */,
				FE6B0AD416246C9600A12755 /* Foundation.framework */,
				FE6B0AD616246C9600A12755 /* CoreGraphics.framework */,
			);
			name = Frameworks;
			sourceTree = "<group>";
		};
		FE6B0AD816246C9600A12755 /* delegateExample */ = {
			isa = PBXGroup;
			children = (
				FEC8F71A16B728D100E91DEC /* ninja.jpg */,
				FE6B0AE116246C9700A12755 /* AppDelegate.h */,
				FE6B0AE216246C9700A12755 /* AppDelegate.m */,
				FE6B0AEA16246C9700A12755 /* MainStoryboard.storyboard */,
				FE6B0AED16246C9700A12755 /* ViewController.h */,
				FE6B0AEE16246C9700A12755 /* ViewController.m */,
				FEC8F71516B7281700E91DEC /* clickableImageView.h */,
				FEC8F71616B7281700E91DEC /* clickableImageView.m */,
				FEC8F71716B7281700E91DEC /* clickableImageViewDelegate.h */,
				FE6B0AD916246C9700A12755 /* Supporting Files */,
			);
			path = delegateExample;
			sourceTree = "<group>";
		};
		FE6B0AD916246C9700A12755 /* Supporting Files */ = {
			isa = PBXGroup;
			children = (
				FE6B0ADA16246C9700A12755 /* delegateExample-Info.plist */,
				FE6B0ADB16246C9700A12755 /* InfoPlist.strings */,
				FE6B0ADE16246C9700A12755 /* main.m */,
				FE6B0AE016246C9700A12755 /* delegateExample-Prefix.pch */,
				FE6B0AE416246C9700A12755 /* Default.png */,
				FE6B0AE616246C9700A12755 /* Default@2x.png */,
				FE6B0AE816246C9700A12755 /* Default-568h@2x.png */,
			);
			name = "Supporting Files";
			sourceTree = "<group>";
		};
/* End PBXGroup section */

/* Begin PBXNativeTarget section */
		FE6B0ACD16246C9600A12755 /* delegateExample */ = {
			isa = PBXNativeTarget;
			buildConfigurationList = FE6B0AF216246C9700A12755 /* Build configuration list for PBXNativeTarget "delegateExample" */;
			buildPhases = (
				FE6B0ACA16246C9600A12755 /* Sources */,
				FE6B0ACB16246C9600A12755 /* Frameworks */,
				FE6B0ACC16246C9600A12755 /* Resources */,
			);
			buildRules = (
			);
			dependencies = (
			);
			name = delegateExample;
			productName = delegateExample;
			productReference = FE6B0ACE16246C9600A12755 /* delegateExample.app */;
			productType = "com.apple.product-type.application";
		};
/* End PBXNativeTarget section */

/* Begin PBXProject section */
		FE6B0AC516246C9600A12755 /* Project object */ = {
			isa = PBXProject;
			attributes = {
				LastUpgradeCheck = 0450;
				ORGANIZATIONNAME = "Chris Milne";
			};
			buildConfigurationList = FE6B0AC816246C9600A12755 /* Build configuration list for PBXProject "delegateExample" */;
			compatibilityVersion = "Xcode 3.2";
			developmentRegion = English;
			hasScannedForEncodings = 0;
			knownRegions = (
				en,
			);
			mainGroup = FE6B0AC316246C9600A12755;
			productRefGroup = FE6B0ACF16246C9600A12755 /* Products */;
			projectDirPath = "";
			projectRoot = "";
			targets = (
				FE6B0ACD16246C9600A12755 /* delegateExample */,
			);
		};
/* End PBXProject section */

/* Begin PBXResourcesBuildPhase section */
		FE6B0ACC16246C9600A12755 /* Resources */ = {
			isa = PBXResourcesBuildPhase;
			buildActionMask = 2147483647;
			files = (
				FE6B0ADD16246C9700A12755 /* InfoPlist.strings in Resources */,
				FE6B0AE516246C9700A12755 /* Default.png in Resources */,
				FE6B0AE716246C9700A12755 /* Default@2x.png in Resources */,
				FE6B0AE916246C9700A12755 /* Default-568h@2x.png in Resources */,
				FE6B0AEC16246C9700A12755 /* MainStoryboard.storyboard in Resources */,
				FEC8F71C16B728D100E91DEC /* ninja.jpg in Resources */,
			);
			runOnlyForDeploymentPostprocessing = 0;
		};
/* End PBXResourcesBuildPhase section */

/* Begin PBXSourcesBuildPhase section */
		FE6B0ACA16246C9600A12755 /* Sources */ = {
			isa = PBXSourcesBuildPhase;
			buildActionMask = 2147483647;
			files = (
				FE6B0ADF16246C9700A12755 /* main.m in Sources */,
				FE6B0AE316246C9700A12755 /* AppDelegate.m in Sources */,
				FE6B0AEF16246C9700A12755 /* ViewController.m in Sources */,
				FEC8F71816B7281700E91DEC /* clickableImageView.m in Sources */,
			);
			runOnlyForDeploymentPostprocessing = 0;
		};
/* End PBXSourcesBuildPhase section */

/* Begin PBXVariantGroup section */
		FE6B0ADB16246C9700A12755 /* InfoPlist.strings */ = {
			isa = PBXVariantGroup;
			children = (
				FE6B0ADC16246C9700A12755 /* en */,
			);
			name = InfoPlist.strings;
			sourceTree = "<group>";
		};
		FE6B0AEA16246C9700A12755 /* MainStoryboard.storyboard */ = {
			isa = PBXVariantGroup;
			children = (
				FE6B0AEB16246C9700A12755 /* en */,
			);
			name = MainStoryboard.storyboard;
			sourceTree = "<group>";
		};
/* End PBXVariantGroup section */

/* Begin XCBuildConfiguration section */
		FE6B0AF016246C9700A12755 /* Debug */ = {
			isa = XCBuildConfiguration;
			buildSettings = {
				ALWAYS_SEARCH_USER_PATHS = NO;
				CLANG_CXX_LANGUAGE_STANDARD = "gnu++0x";
				CLANG_CXX_LIBRARY = "libc++";
				CLANG_ENABLE_OBJC_ARC = YES;
				CLANG_WARN_EMPTY_BODY = YES;
				CLANG_WARN__DUPLICATE_METHOD_MATCH = YES;
				"CODE_SIGN_IDENTITY[sdk=iphoneos*]" = "iPhone Developer";
				COPY_PHASE_STRIP = NO;
				GCC_C_LANGUAGE_STANDARD = gnu99;
				GCC_DYNAMIC_NO_PIC = NO;
				GCC_OPTIMIZATION_LEVEL = 0;
				GCC_PREPROCESSOR_DEFINITIONS = (
					"DEBUG=1",
					"$(inherited)",
				);
				GCC_SYMBOLS_PRIVATE_EXTERN = NO;
				GCC_WARN_ABOUT_RETURN_TYPE = YES;
				GCC_WARN_UNINITIALIZED_AUTOS = YES;
				GCC_WARN_UNUSED_VARIABLE = YES;
				IPHONEOS_DEPLOYMENT_TARGET = 6.0;
				ONLY_ACTIVE_ARCH = YES;
				SDKROOT = iphoneos;
			};
			name = Debug;
		};
		FE6B0AF116246C9700A12755 /* Release */ = {
			isa = XCBuildConfiguration;
			buildSettings = {
				ALWAYS_SEARCH_USER_PATHS = NO;
				CLANG_CXX_LANGUAGE_STANDARD = "gnu++0x";
				CLANG_CXX_LIBRARY = "libc++";
				CLANG_ENABLE_OBJC_ARC = YES;
				CLANG_WARN_EMPTY_BODY = YES;
				CLANG_WARN__DUPLICATE_METHOD_MATCH = YES;
				"CODE_SIGN_IDENTITY[sdk=iphoneos*]" = "iPhone Developer";
				COPY_PHASE_STRIP = YES;
				GCC_C_LANGUAGE_STANDARD = gnu99;
				GCC_WARN_ABOUT_RETURN_TYPE = YES;
				GCC_WARN_UNINITIALIZED_AUTOS = YES;
				GCC_WARN_UNUSED_VARIABLE = YES;
				IPHONEOS_DEPLOYMENT_TARGET = 6.0;
				OTHER_CFLAGS = "-DNS_BLOCK_ASSERTIONS=1";
				SDKROOT = iphoneos;
				VALIDATE_PRODUCT = YES;
			};
			name = Release;
		};
		FE6B0AF316246C9700A12755 /* Debug */ = {
			isa = XCBuildConfiguration;
			buildSettings = {
				GCC_PRECOMPILE_PREFIX_HEADER = YES;
				GCC_PREFIX_HEADER = "delegateExample/delegateExample-Prefix.pch";
				INFOPLIST_FILE = "delegateExample/delegateExample-Info.plist";
				PRODUCT_NAME = "$(TARGET_NAME)";
				WRAPPER_EXTENSION = app;
			};
			name = Debug;
		};
		FE6B0AF416246C9700A12755 /* Release */ = {
			isa = XCBuildConfiguration;
			buildSettings = {
				GCC_PRECOMPILE_PREFIX_HEADER = YES;
				GCC_PREFIX_HEADER = "delegateExample/delegateExample-Prefix.pch";
				INFOPLIST_FILE = "delegateExample/delegateExample-Info.plist";
				PRODUCT_NAME = "$(TARGET_NAME)";
				WRAPPER_EXTENSION = app;
			};
			name = Release;
		};
/* End XCBuildConfiguration section */

/* Begin XCConfigurationList section */
		FE6B0AC816246C9600A12755 /* Build configuration list for PBXProject "delegateExample" */ = {
			isa = XCConfigurationList;
			buildConfigurations = (
				FE6B0AF016246C9700A12755 /* Debug */,
				FE6B0AF116246C9700A12755 /* Release */,
			);
			defaultConfigurationIsVisible = 0;
			defaultConfigurationName = Release;
		};
		FE6B0AF216246C9700A12755 /* Build configuration list for PBXNativeTarget "delegateExample" */ = {
			isa = XCConfigurationList;
			buildConfigurations = (
				FE6B0AF316246C9700A12755 /* Debug */,
				FE6B0AF416246C9700A12755 /* Release */,
			);
			defaultConfigurationIsVisible = 0;
			defaultConfigurationName = Release;
		};
/* End XCConfigurationList section */
	};
	rootObject = FE6B0AC516246C9600A12755 /* Project object */;
}
